<?xml version="1.0" encoding="UTF-8"?>
<Scheme
   version = "1.3">
   <BuildAction>
      <BuildActionEntries>
         <BuildActionEntry
            buildForRunning = "YES">
            <BuildableReference
               BuildableIdentifier = "primary"
               BlueprintIdentifier = "30F5366EF3A7DB5735FA1815"
               BuildableName = "PanGestureApp.app"
               BlueprintName = "PanGestureApp"
               ReferencedContainer = "container:PanGestureApp.xcodeproj">
            </BuildableReference>
         </BuildActionEntry>
      </BuildActionEntries>
   </BuildAction>
   <LaunchAction
      useCustomWorkingDirectory = "NO"
      buildConfiguration = "Debug"
      allowLocationSimulation = "YES">
      <BuildableProductRunnable>
         <BuildableReference
            BuildableIdentifier = "primary"
            BlueprintIdentifier = "30F5366EF3A7DB5735FA1815"
            BuildableName = "PanGestureApp.app"
            BlueprintName = "PanGestureApp"
            ReferencedContainer = "container:PanGestureApp.xcodeproj">
         </BuildableReference>
      </BuildableProductRunnable>
   </LaunchAction>
</Scheme>
